
Microsoft Visual Studio Solution File, Format Version 12.00
# Visual Studio 15
VisualStudioVersion = 15.0.28307.168
MinimumVisualStudioVersion = 10.0.40219.1
Project("{FAE04EC0-301F-11D3-BF4B-00C04F79EFBC}") = "Ghost_Db", "Ghost_Db\Ghost_Db.csproj", "{D7890C53-0D12-45F8-AC65-7905E1B9458F}"
EndProject
Global
	GlobalSection(SolutionConfigurationPlatforms) = preSolution
		Debug|Any CPU = Debug|Any CPU
		Release|Any CPU = Release|Any CPU
	EndGlobalSection
	GlobalSection(ProjectConfigurationPlatforms) = postSolution
		{D7890C53-0D12-45F8-AC65-7905E1B9458F}.Debug|Any CPU.ActiveCfg = Debug|Any CPU
		{D7890C53-0D12-45F8-AC65-7905E1B9458F}.Debug|Any CPU.Build.0 = Debug|Any CPU
		{D7890C53-0D12-45F8-AC65-7905E1B9458F}.Release|Any CPU.ActiveCfg = Release|Any CPU
		{D7890C53-0D12-45F8-AC65-7905E1B9458F}.Release|Any CPU.Build.0 = Release|Any CPU
	EndGlobalSection
	GlobalSection(SolutionProperties) = preSolution
		HideSolutionNode = FALSE
	EndGlobalSection
	GlobalSection(ExtensibilityGlobals) = postSolution
		SolutionGuid = {283F912A-7A6C-4E83-A79E-55530D9014DA}
	EndGlobalSection
EndGlobal
